
Microsoft Visual Studio Solution File, Format Version 12.00
# Visual Studio Version 16
VisualStudioVersion = 16.0.30717.126
MinimumVisualStudioVersion = 10.0.40219.1
Project("{FAE04EC0-301F-11D3-BF4B-00C04F79EFBC}") = "GTATools", "GTATools\GTATools.csproj", "{019E81AC-1C50-44BC-B031-24A9AB0DD662}"
EndProject
Project("{FAE04EC0-301F-11D3-BF4B-00C04F79EFBC}") = "Tests", "Tests\Tests.csproj", "{7CB457B1-1944-4F10-A075-73A1D67708F9}"
EndProject
Project("{FAE04EC0-301F-11D3-BF4B-00C04F79EFBC}") = "TemplateMatching", "TemplateMatching\TemplateMatching.csproj", "{D5938A1F-A314-4F54-A96F-7DEA04E70215}"
EndProject
Global
	GlobalSection(SolutionConfigurationPlatforms) = preSolution
		Debug|Any CPU = Debug|Any CPU
		Release|Any CPU = Release|Any CPU
	EndGlobalSection
	GlobalSection(ProjectConfigurationPlatforms) = postSolution
		{019E81AC-1C50-44BC-B031-24A9AB0DD662}.Debug|Any CPU.ActiveCfg = Debug|Any CPU
		{019E81AC-1C50-44BC-B031-24A9AB0DD662}.Debug|Any CPU.Build.0 = Debug|Any CPU
		{019E81AC-1C50-44BC-B031-24A9AB0DD662}.Release|Any CPU.ActiveCfg = Release|Any CPU
		{019E81AC-1C50-44BC-B031-24A9AB0DD662}.Release|Any CPU.Build.0 = Release|Any CPU
		{7CB457B1-1944-4F10-A075-73A1D67708F9}.Debug|Any CPU.ActiveCfg = Debug|Any CPU
		{7CB457B1-1944-4F10-A075-73A1D67708F9}.Debug|Any CPU.Build.0 = Debug|Any CPU
		{7CB457B1-1944-4F10-A075-73A1D67708F9}.Release|Any CPU.ActiveCfg = Release|Any CPU
		{7CB457B1-1944-4F10-A075-73A1D67708F9}.Release|Any CPU.Build.0 = Release|Any CPU
		{D5938A1F-A314-4F54-A96F-7DEA04E70215}.Debug|Any CPU.ActiveCfg = Debug|Any CPU
		{D5938A1F-A314-4F54-A96F-7DEA04E70215}.Debug|Any CPU.Build.0 = Debug|Any CPU
		{D5938A1F-A314-4F54-A96F-7DEA04E70215}.Release|Any CPU.ActiveCfg = Release|Any CPU
		{D5938A1F-A314-4F54-A96F-7DEA04E70215}.Release|Any CPU.Build.0 = Release|Any CPU
	EndGlobalSection
	GlobalSection(SolutionProperties) = preSolution
		HideSolutionNode = FALSE
	EndGlobalSection
	GlobalSection(ExtensibilityGlobals) = postSolution
		SolutionGuid = {203AE29F-A0B5-4A67-BE1B-246E03B70308}
	EndGlobalSection
EndGlobal
